
Microsoft Visual Studio Solution File, Format Version 12.00
# Visual Studio Version 17
VisualStudioVersion = 17.13.35931.197 d17.13
MinimumVisualStudioVersion = 10.0.40219.1
Project("{FAE04EC0-301F-11D3-BF4B-00C04F79EFBC}") = "Testing", "Testing\Testing.csproj", "{C4B8CECC-B2A1-4483-9CB1-27212D1015E3}"
EndProject
Project("{FAE04EC0-301F-11D3-BF4B-00C04F79EFBC}") = "ClientsYchet", "ClientsYchet\ClientsYchet.csproj", "{61BC5574-BDC9-4DBF-A9CA-29B38C417EF4}"
EndProject
Global
	GlobalSection(SolutionConfigurationPlatforms) = preSolution
		Debug|Any CPU = Debug|Any CPU
		Release|Any CPU = Release|Any CPU
	EndGlobalSection
	GlobalSection(ProjectConfigurationPlatforms) = postSolution
		{C4B8CECC-B2A1-4483-9CB1-27212D1015E3}.Debug|Any CPU.ActiveCfg = Debug|Any CPU
		{C4B8CECC-B2A1-4483-9CB1-27212D1015E3}.Debug|Any CPU.Build.0 = Debug|Any CPU
		{C4B8CECC-B2A1-4483-9CB1-27212D1015E3}.Release|Any CPU.ActiveCfg = Release|Any CPU
		{C4B8CECC-B2A1-4483-9CB1-27212D1015E3}.Release|Any CPU.Build.0 = Release|Any CPU
		{61BC5574-BDC9-4DBF-A9CA-29B38C417EF4}.Debug|Any CPU.ActiveCfg = Debug|Any CPU
		{61BC5574-BDC9-4DBF-A9CA-29B38C417EF4}.Debug|Any CPU.Build.0 = Debug|Any CPU
		{61BC5574-BDC9-4DBF-A9CA-29B38C417EF4}.Release|Any CPU.ActiveCfg = Release|Any CPU
		{61BC5574-BDC9-4DBF-A9CA-29B38C417EF4}.Release|Any CPU.Build.0 = Release|Any CPU
	EndGlobalSection
	GlobalSection(SolutionProperties) = preSolution
		HideSolutionNode = FALSE
	EndGlobalSection
	GlobalSection(ExtensibilityGlobals) = postSolution
		SolutionGuid = {AFF1A252-E39B-42E6-B73C-9F8FD99E5EFD}
	EndGlobalSection
EndGlobal
